
Microsoft Visual Studio Solution File, Format Version 12.00
# Visual Studio 15
VisualStudioVersion = 15.0.28307.902
MinimumVisualStudioVersion = 10.0.40219.1
Project("{FAE04EC0-301F-11D3-BF4B-00C04F79EFBC}") = "BookingOrderV2", "BookingOrderV2\BookingOrderV2.csproj", "{B6B44069-7466-423F-9114-A4865DFB9021}"
EndProject
Global
	GlobalSection(SolutionConfigurationPlatforms) = preSolution
		Debug|Any CPU = Debug|Any CPU
		Release|Any CPU = Release|Any CPU
	EndGlobalSection
	GlobalSection(ProjectConfigurationPlatforms) = postSolution
		{B6B44069-7466-423F-9114-A4865DFB9021}.Debug|Any CPU.ActiveCfg = Debug|Any CPU
		{B6B44069-7466-423F-9114-A4865DFB9021}.Debug|Any CPU.Build.0 = Debug|Any CPU
		{B6B44069-7466-423F-9114-A4865DFB9021}.Release|Any CPU.ActiveCfg = Release|Any CPU
		{B6B44069-7466-423F-9114-A4865DFB9021}.Release|Any CPU.Build.0 = Release|Any CPU
	EndGlobalSection
	GlobalSection(SolutionProperties) = preSolution
		HideSolutionNode = FALSE
	EndGlobalSection
	GlobalSection(ExtensibilityGlobals) = postSolution
		SolutionGuid = {694A9C76-5D1E-445E-B37D-43D4D565EDD7}
	EndGlobalSection
EndGlobal
